Microsoft Visual Studio Solution File, Format Version 7.00
Project("{8BC9CEB8-8B4A-11D0-8D11-00A0C91BC942}") = "mindylibs", "mindylibs.vcproj", "{93B2E6D7-A3F6-40E0-B8D7-EFC464C26591}"
EndProject
Global
	GlobalSection(SolutionConfiguration) = preSolution
		ConfigName.0 = Debug
		ConfigName.1 = Release
	EndGlobalSection
	GlobalSection(ProjectDependencies) = postSolution
	EndGlobalSection
	GlobalSection(ProjectConfiguration) = postSolution
		{93B2E6D7-A3F6-40E0-B8D7-EFC464C26591}.Debug.ActiveCfg = Debug|Win32
		{93B2E6D7-A3F6-40E0-B8D7-EFC464C26591}.Debug.Build.0 = Debug|Win32
		{93B2E6D7-A3F6-40E0-B8D7-EFC464C26591}.Release.ActiveCfg = Release|Win32
		{93B2E6D7-A3F6-40E0-B8D7-EFC464C26591}.Release.Build.0 = Release|Win32
	EndGlobalSection
	GlobalSection(ExtensibilityGlobals) = postSolution
	EndGlobalSection
	GlobalSection(ExtensibilityAddIns) = postSolution
	EndGlobalSection
EndGlobal
