Microsoft Visual Studio Solution File, Format Version 7.00
Project("{8BC9CEB8-8B4A-11D0-8D11-00A0C91BC942}") = "mindy", "mindy.vcproj", "{252B8AB7-6B71-4E56-B588-8319011D4780}"
EndProject
Project("{8BC9CEB8-8B4A-11D0-8D11-00A0C91BC942}") = "comp", "comp\comp.vcproj", "{0EBB1159-C026-450F-A3C4-9B549C1D8F13}"
EndProject
Project("{8BC9CEB8-8B4A-11D0-8D11-00A0C91BC942}") = "dbclink", "dbclink\dbclink.vcproj", "{AC2B0DA9-5D9C-4DD3-BDA2-482817DD386C}"
EndProject
Project("{8BC9CEB8-8B4A-11D0-8D11-00A0C91BC942}") = "libcompat", "libcompat\libcompat.vcproj", "{9813714B-7D9B-44A3-9511-4D99810B9C13}"
EndProject
Project("{8BC9CEB8-8B4A-11D0-8D11-00A0C91BC942}") = "interp", "interp\interp.vcproj", "{AA01BE04-59EA-4776-80EB-F15553E1E262}"
EndProject
Project("{8BC9CEB8-8B4A-11D0-8D11-00A0C91BC942}") = "mindylibs", "mindylibs\mindylibs.vcproj", "{93B2E6D7-A3F6-40E0-B8D7-EFC464C26591}"
EndProject
Project("{8BC9CEB8-8B4A-11D0-8D11-00A0C91BC942}") = "random", "random\random.vcproj", "{58C13B8F-80F8-41AF-B2C5-5686BEB36DB7}"
EndProject
Global
	GlobalSection(SolutionConfiguration) = preSolution
		ConfigName.0 = Debug
		ConfigName.1 = Release
	EndGlobalSection
	GlobalSection(ProjectDependencies) = postSolution
		{252B8AB7-6B71-4E56-B588-8319011D4780}.0 = {0EBB1159-C026-450F-A3C4-9B549C1D8F13}
		{252B8AB7-6B71-4E56-B588-8319011D4780}.1 = {58C13B8F-80F8-41AF-B2C5-5686BEB36DB7}
		{252B8AB7-6B71-4E56-B588-8319011D4780}.2 = {AA01BE04-59EA-4776-80EB-F15553E1E262}
		{252B8AB7-6B71-4E56-B588-8319011D4780}.3 = {AC2B0DA9-5D9C-4DD3-BDA2-482817DD386C}
		{252B8AB7-6B71-4E56-B588-8319011D4780}.4 = {9813714B-7D9B-44A3-9511-4D99810B9C13}
		{252B8AB7-6B71-4E56-B588-8319011D4780}.5 = {93B2E6D7-A3F6-40E0-B8D7-EFC464C26591}
		{0EBB1159-C026-450F-A3C4-9B549C1D8F13}.0 = {AC2B0DA9-5D9C-4DD3-BDA2-482817DD386C}
		{0EBB1159-C026-450F-A3C4-9B549C1D8F13}.1 = {9813714B-7D9B-44A3-9511-4D99810B9C13}
		{9813714B-7D9B-44A3-9511-4D99810B9C13}.0 = {AC2B0DA9-5D9C-4DD3-BDA2-482817DD386C}
		{AA01BE04-59EA-4776-80EB-F15553E1E262}.0 = {AC2B0DA9-5D9C-4DD3-BDA2-482817DD386C}
		{AA01BE04-59EA-4776-80EB-F15553E1E262}.1 = {9813714B-7D9B-44A3-9511-4D99810B9C13}
		{93B2E6D7-A3F6-40E0-B8D7-EFC464C26591}.0 = {9813714B-7D9B-44A3-9511-4D99810B9C13}
		{93B2E6D7-A3F6-40E0-B8D7-EFC464C26591}.1 = {AA01BE04-59EA-4776-80EB-F15553E1E262}
		{93B2E6D7-A3F6-40E0-B8D7-EFC464C26591}.2 = {AC2B0DA9-5D9C-4DD3-BDA2-482817DD386C}
		{93B2E6D7-A3F6-40E0-B8D7-EFC464C26591}.3 = {0EBB1159-C026-450F-A3C4-9B549C1D8F13}
		{58C13B8F-80F8-41AF-B2C5-5686BEB36DB7}.0 = {0EBB1159-C026-450F-A3C4-9B549C1D8F13}
		{58C13B8F-80F8-41AF-B2C5-5686BEB36DB7}.1 = {AC2B0DA9-5D9C-4DD3-BDA2-482817DD386C}
		{58C13B8F-80F8-41AF-B2C5-5686BEB36DB7}.2 = {AA01BE04-59EA-4776-80EB-F15553E1E262}
		{58C13B8F-80F8-41AF-B2C5-5686BEB36DB7}.3 = {9813714B-7D9B-44A3-9511-4D99810B9C13}
		{58C13B8F-80F8-41AF-B2C5-5686BEB36DB7}.4 = {93B2E6D7-A3F6-40E0-B8D7-EFC464C26591}
	EndGlobalSection
	GlobalSection(ProjectConfiguration) = postSolution
		{252B8AB7-6B71-4E56-B588-8319011D4780}.Debug.ActiveCfg = Debug|Win32
		{252B8AB7-6B71-4E56-B588-8319011D4780}.Debug.Build.0 = Debug|Win32
		{252B8AB7-6B71-4E56-B588-8319011D4780}.Release.ActiveCfg = Release|Win32
		{252B8AB7-6B71-4E56-B588-8319011D4780}.Release.Build.0 = Release|Win32
		{0EBB1159-C026-450F-A3C4-9B549C1D8F13}.Debug.ActiveCfg = Debug|Win32
		{0EBB1159-C026-450F-A3C4-9B549C1D8F13}.Debug.Build.0 = Debug|Win32
		{0EBB1159-C026-450F-A3C4-9B549C1D8F13}.Release.ActiveCfg = Release|Win32
		{0EBB1159-C026-450F-A3C4-9B549C1D8F13}.Release.Build.0 = Release|Win32
		{AC2B0DA9-5D9C-4DD3-BDA2-482817DD386C}.Debug.ActiveCfg = Debug|Win32
		{AC2B0DA9-5D9C-4DD3-BDA2-482817DD386C}.Debug.Build.0 = Debug|Win32
		{AC2B0DA9-5D9C-4DD3-BDA2-482817DD386C}.Release.ActiveCfg = Release|Win32
		{AC2B0DA9-5D9C-4DD3-BDA2-482817DD386C}.Release.Build.0 = Release|Win32
		{9813714B-7D9B-44A3-9511-4D99810B9C13}.Debug.ActiveCfg = Debug|Win32
		{9813714B-7D9B-44A3-9511-4D99810B9C13}.Debug.Build.0 = Debug|Win32
		{9813714B-7D9B-44A3-9511-4D99810B9C13}.Release.ActiveCfg = Release|Win32
		{9813714B-7D9B-44A3-9511-4D99810B9C13}.Release.Build.0 = Release|Win32
		{AA01BE04-59EA-4776-80EB-F15553E1E262}.Debug.ActiveCfg = Debug|Win32
		{AA01BE04-59EA-4776-80EB-F15553E1E262}.Debug.Build.0 = Debug|Win32
		{AA01BE04-59EA-4776-80EB-F15553E1E262}.Release.ActiveCfg = Release|Win32
		{AA01BE04-59EA-4776-80EB-F15553E1E262}.Release.Build.0 = Release|Win32
		{93B2E6D7-A3F6-40E0-B8D7-EFC464C26591}.Debug.ActiveCfg = Debug|Win32
		{93B2E6D7-A3F6-40E0-B8D7-EFC464C26591}.Debug.Build.0 = Debug|Win32
		{93B2E6D7-A3F6-40E0-B8D7-EFC464C26591}.Release.ActiveCfg = Release|Win32
		{93B2E6D7-A3F6-40E0-B8D7-EFC464C26591}.Release.Build.0 = Release|Win32
		{58C13B8F-80F8-41AF-B2C5-5686BEB36DB7}.Debug.ActiveCfg = Debug|Win32
		{58C13B8F-80F8-41AF-B2C5-5686BEB36DB7}.Debug.Build.0 = Debug|Win32
		{58C13B8F-80F8-41AF-B2C5-5686BEB36DB7}.Release.ActiveCfg = Release|Win32
		{58C13B8F-80F8-41AF-B2C5-5686BEB36DB7}.Release.Build.0 = Release|Win32
	EndGlobalSection
	GlobalSection(ExtensibilityGlobals) = postSolution
	EndGlobalSection
	GlobalSection(ExtensibilityAddIns) = postSolution
	EndGlobalSection
EndGlobal
