Microsoft Visual Studio Solution File, Format Version 7.00
Project("{8BC9CEB8-8B4A-11D0-8D11-00A0C91BC942}") = "dbclink", "dbclink.vcproj", "{AC2B0DA9-5D9C-4DD3-BDA2-482817DD386C}"
EndProject
Global
	GlobalSection(SolutionConfiguration) = preSolution
		ConfigName.0 = Debug
		ConfigName.1 = Release
	EndGlobalSection
	GlobalSection(ProjectDependencies) = postSolution
	EndGlobalSection
	GlobalSection(ProjectConfiguration) = postSolution
		{AC2B0DA9-5D9C-4DD3-BDA2-482817DD386C}.Debug.ActiveCfg = Debug|Win32
		{AC2B0DA9-5D9C-4DD3-BDA2-482817DD386C}.Debug.Build.0 = Debug|Win32
		{AC2B0DA9-5D9C-4DD3-BDA2-482817DD386C}.Release.ActiveCfg = Release|Win32
		{AC2B0DA9-5D9C-4DD3-BDA2-482817DD386C}.Release.Build.0 = Release|Win32
	EndGlobalSection
	GlobalSection(ExtensibilityGlobals) = postSolution
	EndGlobalSection
	GlobalSection(ExtensibilityAddIns) = postSolution
	EndGlobalSection
EndGlobal
